
Microsoft Visual Studio Solution File, Format Version 12.00
# Visual Studio 15
VisualStudioVersion = 15.0.28307.1022
MinimumVisualStudioVersion = 10.0.40219.1
Project("{9A19103F-16F7-4668-BE54-9A1E7A4F7556}") = "INotifyPropertyChangedCodeFix", "INotifyPropertyChangedCodeFix\INotifyPropertyChangedCodeFix\INotifyPropertyChangedCodeFix.csproj", "{64CEF453-20CD-495F-B940-B1AE1E9DBFB2}"
EndProject
Project("{FAE04EC0-301F-11D3-BF4B-00C04F79EFBC}") = "INotifyPropertyChangedCodeFix.Vsix", "INotifyPropertyChangedCodeFix\INotifyPropertyChangedCodeFix.Vsix\INotifyPropertyChangedCodeFix.Vsix.csproj", "{7494DBB9-ECFE-4CC4-9233-AA794AAC073D}"
EndProject
Global
	GlobalSection(SolutionConfigurationPlatforms) = preSolution
		Debug|Any CPU = Debug|Any CPU
		Release|Any CPU = Release|Any CPU
	EndGlobalSection
	GlobalSection(ProjectConfigurationPlatforms) = postSolution
		{64CEF453-20CD-495F-B940-B1AE1E9DBFB2}.Debug|Any CPU.ActiveCfg = Debug|Any CPU
		{64CEF453-20CD-495F-B940-B1AE1E9DBFB2}.Debug|Any CPU.Build.0 = Debug|Any CPU
		{64CEF453-20CD-495F-B940-B1AE1E9DBFB2}.Release|Any CPU.ActiveCfg = Release|Any CPU
		{64CEF453-20CD-495F-B940-B1AE1E9DBFB2}.Release|Any CPU.Build.0 = Release|Any CPU
		{7494DBB9-ECFE-4CC4-9233-AA794AAC073D}.Debug|Any CPU.ActiveCfg = Debug|Any CPU
		{7494DBB9-ECFE-4CC4-9233-AA794AAC073D}.Debug|Any CPU.Build.0 = Debug|Any CPU
		{7494DBB9-ECFE-4CC4-9233-AA794AAC073D}.Release|Any CPU.ActiveCfg = Release|Any CPU
		{7494DBB9-ECFE-4CC4-9233-AA794AAC073D}.Release|Any CPU.Build.0 = Release|Any CPU
	EndGlobalSection
	GlobalSection(SolutionProperties) = preSolution
		HideSolutionNode = FALSE
	EndGlobalSection
	GlobalSection(ExtensibilityGlobals) = postSolution
		SolutionGuid = {CA6D95AD-DA39-4E2D-8D64-BCF2FFBF36A2}
	EndGlobalSection
EndGlobal
